// !$*UTF8*$!
{
	archiveVersion = 1;
	classes = {
	};
	objectVersion = 46;
	objects = {

/* Begin PBXBuildFile section */
		EDED80A31B7AC9B700D0ECAA /* main.m in Sources */ = {isa = PBXBuildFile; fileRef = EDED80A21B7AC9B700D0ECAA /* main.m */; };
		EDED80A61B7AC9B700D0ECAA /* AppDelegate.m in Sources */ = {isa = PBXBuildFile; fileRef = EDED80A51B7AC9B700D0ECAA /* AppDelegate.m */; };
		EDED80AC1B7AC9B700D0ECAA /* Main.storyboard in Resources */ = {isa = PBXBuildFile; fileRef = EDED80AA1B7AC9B700D0ECAA /* Main.storyboard */; };
		EDED80AE1B7AC9B700D0ECAA /* Images.xcassets in Resources */ = {isa = PBXBuildFile; fileRef = EDED80AD1B7AC9B700D0ECAA /* Images.xcassets */; };
		EDED80B11B7AC9B700D0ECAA /* LaunchScreen.xib in Resources */ = {isa = PBXBuildFile; fileRef = EDED80AF1B7AC9B700D0ECAA /* LaunchScreen.xib */; };
		EDED80BD1B7AC9B700D0ECAA /* pos_visaTests.m in Sources */ = {isa = PBXBuildFile; fileRef = EDED80BC1B7AC9B700D0ECAA /* pos_visaTests.m */; };
		EDED80C81B7ACEEA00D0ECAA /* GetStartedViewController.m in Sources */ = {isa = PBXBuildFile; fileRef = EDED80C71B7ACEEA00D0ECAA /* GetStartedViewController.m */; };
/* End PBXBuildFile section */

/* Begin PBXContainerItemProxy section */
		EDED80B71B7AC9B700D0ECAA /* PBXContainerItemProxy */ = {
			isa = PBXContainerItemProxy;
			containerPortal = EDED80951B7AC9B700D0ECAA /* Project object */;
			proxyType = 1;
			remoteGlobalIDString = EDED809C1B7AC9B700D0ECAA;
			remoteInfo = pos_visa;
		};
/* End PBXContainerItemProxy section */

/* Begin PBXFileReference section */
		EDED809D1B7AC9B700D0ECAA /* pos_visa.app */ = {isa = PBXFileReference; explicitFileType = wrapper.application; includeInIndex = 0; path = pos_visa.app; sourceTree = BUILT_PRODUCTS_DIR; };
		EDED80A11B7AC9B700D0ECAA /* Info.plist */ = {isa = PBXFileReference; lastKnownFileType = text.plist.xml; path = Info.plist; sourceTree = "<group>"; };
		EDED80A21B7AC9B700D0ECAA /* main.m */ = {isa = PBXFileReference; lastKnownFileType = sourcecode.c.objc; path = main.m; sourceTree = "<group>"; };
		EDED80A41B7AC9B700D0ECAA /* AppDelegate.h */ = {isa = PBXFileReference; lastKnownFileType = sourcecode.c.h; path = AppDelegate.h; sourceTree = "<group>"; };
		EDED80A51B7AC9B700D0ECAA /* AppDelegate.m */ = {isa = PBXFileReference; lastKnownFileType = sourcecode.c.objc; path = AppDelegate.m; sourceTree = "<group>"; };
		EDED80AB1B7AC9B700D0ECAA /* Base */ = {isa = PBXFileReference; lastKnownFileType = file.storyboard; name = Base; path = Base.lproj/Main.storyboard; sourceTree = "<group>"; };
		EDED80AD1B7AC9B700D0ECAA /* Images.xcassets */ = {isa = PBXFileReference; lastKnownFileType = folder.assetcatalog; path = Images.xcassets; sourceTree = "<group>"; };
		EDED80B01B7AC9B700D0ECAA /* Base */ = {isa = PBXFileReference; lastKnownFileType = file.xib; name = Base; path = Base.lproj/LaunchScreen.xib; sourceTree = "<group>"; };
		EDED80B61B7AC9B700D0ECAA /* pos_visaTests.xctest */ = {isa = PBXFileReference; explicitFileType = wrapper.cfbundle; includeInIndex = 0; path = pos_visaTests.xctest; sourceTree = BUILT_PRODUCTS_DIR; };
		EDED80BB1B7AC9B700D0ECAA /* Info.plist */ = {isa = PBXFileReference; lastKnownFileType = text.plist.xml; path = Info.plist; sourceTree = "<group>"; };
		EDED80BC1B7AC9B700D0ECAA /* pos_visaTests.m */ = {isa = PBXFileReference; lastKnownFileType = sourcecode.c.objc; path = pos_visaTests.m; sourceTree = "<group>"; };
		EDED80C61B7ACEEA00D0ECAA /* GetStartedViewController.h */ = {isa = PBXFileReference; fileEncoding = 4; lastKnownFileType = sourcecode.c.h; path = GetStartedViewController.h; sourceTree = "<group>"; };
		EDED80C71B7ACEEA00D0ECAA /* GetStartedViewController.m */ = {isa = PBXFileReference; fileEncoding = 4; lastKnownFileType = sourcecode.c.objc; path = GetStartedViewController.m; sourceTree = "<group>"; };
/* End PBXFileReference section */

/* Begin PBXFrameworksBuildPhase section */
		EDED809A1B7AC9B700D0ECAA /* Frameworks */ = {
			isa = PBXFrameworksBuildPhase;
			buildActionMask = 2147483647;
			files = (
			);
			runOnlyForDeploymentPostprocessing = 0;
		};
		EDED80B31B7AC9B700D0ECAA /* Frameworks */ = {
			isa = PBXFrameworksBuildPhase;
			buildActionMask = 2147483647;
			files = (
			);
			runOnlyForDeploymentPostprocessing = 0;
		};
/* End PBXFrameworksBuildPhase section */

/* Begin PBXGroup section */
		EDED80941B7AC9B700D0ECAA = {
			isa = PBXGroup;
			children = (
				EDED809F1B7AC9B700D0ECAA /* pos_visa */,
				EDED80B91B7AC9B700D0ECAA /* pos_visaTests */,
				EDED809E1B7AC9B700D0ECAA /* Products */,
			);
			sourceTree = "<group>";
		};
		EDED809E1B7AC9B700D0ECAA /* Products */ = {
			isa = PBXGroup;
			children = (
				EDED809D1B7AC9B700D0ECAA /* pos_visa.app */,
				EDED80B61B7AC9B700D0ECAA /* pos_visaTests.xctest */,
			);
			name = Products;
			sourceTree = "<group>";
		};
		EDED809F1B7AC9B700D0ECAA /* pos_visa */ = {
			isa = PBXGroup;
			children = (
				EDED80A41B7AC9B700D0ECAA /* AppDelegate.h */,
				EDED80A51B7AC9B700D0ECAA /* AppDelegate.m */,
				EDED80AA1B7AC9B700D0ECAA /* Main.storyboard */,
				EDED80AD1B7AC9B700D0ECAA /* Images.xcassets */,
				EDED80AF1B7AC9B700D0ECAA /* LaunchScreen.xib */,
				EDED80A01B7AC9B700D0ECAA /* Supporting Files */,
				EDED80C61B7ACEEA00D0ECAA /* GetStartedViewController.h */,
				EDED80C71B7ACEEA00D0ECAA /* GetStartedViewController.m */,
			);
			path = pos_visa;
			sourceTree = "<group>";
		};
		EDED80A01B7AC9B700D0ECAA /* Supporting Files */ = {
			isa = PBXGroup;
			children = (
				EDED80A11B7AC9B700D0ECAA /* Info.plist */,
				EDED80A21B7AC9B700D0ECAA /* main.m */,
			);
			name = "Supporting Files";
			sourceTree = "<group>";
		};
		EDED80B91B7AC9B700D0ECAA /* pos_visaTests */ = {
			isa = PBXGroup;
			children = (
				EDED80BC1B7AC9B700D0ECAA /* pos_visaTests.m */,
				EDED80BA1B7AC9B700D0ECAA /* Supporting Files */,
			);
			path = pos_visaTests;
			sourceTree = "<group>";
		};
		EDED80BA1B7AC9B700D0ECAA /* Supporting Files */ = {
			isa = PBXGroup;
			children = (
				EDED80BB1B7AC9B700D0ECAA /* Info.plist */,
			);
			name = "Supporting Files";
			sourceTree = "<group>";
		};
/* End PBXGroup section */

/* Begin PBXNativeTarget section */
		EDED809C1B7AC9B700D0ECAA /* pos_visa */ = {
			isa = PBXNativeTarget;
			buildConfigurationList = EDED80C01B7AC9B700D0ECAA /* Build configuration list for PBXNativeTarget "pos_visa" */;
			buildPhases = (
				EDED80991B7AC9B700D0ECAA /* Sources */,
				EDED809A1B7AC9B700D0ECAA /* Frameworks */,
				EDED809B1B7AC9B700D0ECAA /* Resources */,
			);
			buildRules = (
			);
			dependencies = (
			);
			name = pos_visa;
			productName = pos_visa;
			productReference = EDED809D1B7AC9B700D0ECAA /* pos_visa.app */;
			productType = "com.apple.product-type.application";
		};
		EDED80B51B7AC9B700D0ECAA /* pos_visaTests */ = {
			isa = PBXNativeTarget;
			buildConfigurationList = EDED80C31B7AC9B700D0ECAA /* Build configuration list for PBXNativeTarget "pos_visaTests" */;
			buildPhases = (
				EDED80B21B7AC9B700D0ECAA /* Sources */,
				EDED80B31B7AC9B700D0ECAA /* Frameworks */,
				EDED80B41B7AC9B700D0ECAA /* Resources */,
			);
			buildRules = (
			);
			dependencies = (
				EDED80B81B7AC9B700D0ECAA /* PBXTargetDependency */,
			);
			name = pos_visaTests;
			productName = pos_visaTests;
			productReference = EDED80B61B7AC9B700D0ECAA /* pos_visaTests.xctest */;
			productType = "com.apple.product-type.bundle.unit-test";
		};
/* End PBXNativeTarget section */

/* Begin PBXProject section */
		EDED80951B7AC9B700D0ECAA /* Project object */ = {
			isa = PBXProject;
			attributes = {
				LastUpgradeCheck = 0640;
				ORGANIZATIONNAME = "Prosper Marketplace, Inc.";
				TargetAttributes = {
					EDED809C1B7AC9B700D0ECAA = {
						CreatedOnToolsVersion = 6.4;
					};
					EDED80B51B7AC9B700D0ECAA = {
						CreatedOnToolsVersion = 6.4;
						TestTargetID = EDED809C1B7AC9B700D0ECAA;
					};
				};
			};
			buildConfigurationList = EDED80981B7AC9B700D0ECAA /* Build configuration list for PBXProject "pos_visa" */;
			compatibilityVersion = "Xcode 3.2";
			developmentRegion = English;
			hasScannedForEncodings = 0;
			knownRegions = (
				en,
				Base,
			);
			mainGroup = EDED80941B7AC9B700D0ECAA;
			productRefGroup = EDED809E1B7AC9B700D0ECAA /* Products */;
			projectDirPath = "";
			projectRoot = "";
			targets = (
				EDED809C1B7AC9B700D0ECAA /* pos_visa */,
				EDED80B51B7AC9B700D0ECAA /* pos_visaTests */,
			);
		};
/* End PBXProject section */

/* Begin PBXResourcesBuildPhase section */
		EDED809B1B7AC9B700D0ECAA /* Resources */ = {
			isa = PBXResourcesBuildPhase;
			buildActionMask = 2147483647;
			files = (
				EDED80AC1B7AC9B700D0ECAA /* Main.storyboard in Resources */,
				EDED80B11B7AC9B700D0ECAA /* LaunchScreen.xib in Resources */,
				EDED80AE1B7AC9B700D0ECAA /* Images.xcassets in Resources */,
			);
			runOnlyForDeploymentPostprocessing = 0;
		};
		EDED80B41B7AC9B700D0ECAA /* Resources */ = {
			isa = PBXResourcesBuildPhase;
			buildActionMask = 2147483647;
			files = (
			);
			runOnlyForDeploymentPostprocessing = 0;
		};
/* End PBXResourcesBuildPhase section */

/* Begin PBXSourcesBuildPhase section */
		EDED80991B7AC9B700D0ECAA /* Sources */ = {
			isa = PBXSourcesBuildPhase;
			buildActionMask = 2147483647;
			files = (
				EDED80A61B7AC9B700D0ECAA /* AppDelegate.m in Sources */,
				EDED80A31B7AC9B700D0ECAA /* main.m in Sources */,
				EDED80C81B7ACEEA00D0ECAA /* GetStartedViewController.m in Sources */,
			);
			runOnlyForDeploymentPostprocessing = 0;
		};
		EDED80B21B7AC9B700D0ECAA /* Sources */ = {
			isa = PBXSourcesBuildPhase;
			buildActionMask = 2147483647;
			files = (
				EDED80BD1B7AC9B700D0ECAA /* pos_visaTests.m in Sources */,
			);
			runOnlyForDeploymentPostprocessing = 0;
		};
/* End PBXSourcesBuildPhase section */

/* Begin PBXTargetDependency section */
		EDED80B81B7AC9B700D0ECAA /* PBXTargetDependency */ = {
			isa = PBXTargetDependency;
			target = EDED809C1B7AC9B700D0ECAA /* pos_visa */;
			targetProxy = EDED80B71B7AC9B700D0ECAA /* PBXContainerItemProxy */;
		};
/* End PBXTargetDependency section */

/* Begin PBXVariantGroup section */
		EDED80AA1B7AC9B700D0ECAA /* Main.storyboard */ = {
			isa = PBXVariantGroup;
			children = (
				EDED80AB1B7AC9B700D0ECAA /* Base */,
			);
			name = Main.storyboard;
			sourceTree = "<group>";
		};
		EDED80AF1B7AC9B700D0ECAA /* LaunchScreen.xib */ = {
			isa = PBXVariantGroup;
			children = (
				EDED80B01B7AC9B700D0ECAA /* Base */,
			);
			name = LaunchScreen.xib;
			sourceTree = "<group>";
		};
/* End PBXVariantGroup section */

/* Begin XCBuildConfiguration section */
		EDED80BE1B7AC9B700D0ECAA /* Debug */ = {
			isa = XCBuildConfiguration;
			buildSettings = {
				ALWAYS_SEARCH_USER_PATHS = NO;
				CLANG_CXX_LANGUAGE_STANDARD = "gnu++0x";
				CLANG_CXX_LIBRARY = "libc++";
				CLANG_ENABLE_MODULES = YES;
				CLANG_ENABLE_OBJC_ARC = YES;
				CLANG_WARN_BOOL_CONVERSION = YES;
				CLANG_WARN_CONSTANT_CONVERSION = YES;
				CLANG_WARN_DIRECT_OBJC_ISA_USAGE = YES_ERROR;
				CLANG_WARN_EMPTY_BODY = YES;
				CLANG_WARN_ENUM_CONVERSION = YES;
				CLANG_WARN_INT_CONVERSION = YES;
				CLANG_WARN_OBJC_ROOT_CLASS = YES_ERROR;
				CLANG_WARN_UNREACHABLE_CODE = YES;
				CLANG_WARN__DUPLICATE_METHOD_MATCH = YES;
				"CODE_SIGN_IDENTITY[sdk=iphoneos*]" = "iPhone Developer";
				COPY_PHASE_STRIP = NO;
				DEBUG_INFORMATION_FORMAT = "dwarf-with-dsym";
				ENABLE_STRICT_OBJC_MSGSEND = YES;
				GCC_C_LANGUAGE_STANDARD = gnu99;
				GCC_DYNAMIC_NO_PIC = NO;
				GCC_NO_COMMON_BLOCKS = YES;
				GCC_OPTIMIZATION_LEVEL = 0;
				GCC_PREPROCESSOR_DEFINITIONS = (
					"DEBUG=1",
					"$(inherited)",
				);
				GCC_SYMBOLS_PRIVATE_EXTERN = NO;
				GCC_WARN_64_TO_32_BIT_CONVERSION = YES;
				GCC_WARN_ABOUT_RETURN_TYPE = YES_ERROR;
				GCC_WARN_UNDECLARED_SELECTOR = YES;
				GCC_WARN_UNINITIALIZED_AUTOS = YES_AGGRESSIVE;
				GCC_WARN_UNUSED_FUNCTION = YES;
				GCC_WARN_UNUSED_VARIABLE = YES;
				IPHONEOS_DEPLOYMENT_TARGET = 8.4;
				MTL_ENABLE_DEBUG_INFO = YES;
				ONLY_ACTIVE_ARCH = YES;
				SDKROOT = iphoneos;
			};
			name = Debug;
		};
		EDED80BF1B7AC9B700D0ECAA /* Release */ = {
			isa = XCBuildConfiguration;
			buildSettings = {
				ALWAYS_SEARCH_USER_PATHS = NO;
				CLANG_CXX_LANGUAGE_STANDARD = "gnu++0x";
				CLANG_CXX_LIBRARY = "libc++";
				CLANG_ENABLE_MODULES = YES;
				CLANG_ENABLE_OBJC_ARC = YES;
				CLANG_WARN_BOOL_CONVERSION = YES;
				CLANG_WARN_CONSTANT_CONVERSION = YES;
				CLANG_WARN_DIRECT_OBJC_ISA_USAGE = YES_ERROR;
				CLANG_WARN_EMPTY_BODY = YES;
				CLANG_WARN_ENUM_CONVERSION = YES;
				CLANG_WARN_INT_CONVERSION = YES;
				CLANG_WARN_OBJC_ROOT_CLASS = YES_ERROR;
				CLANG_WARN_UNREACHABLE_CODE = YES;
				CLANG_WARN__DUPLICATE_METHOD_MATCH = YES;
				"CODE_SIGN_IDENTITY[sdk=iphoneos*]" = "iPhone Developer";
				COPY_PHASE_STRIP = NO;
				DEBUG_INFORMATION_FORMAT = "dwarf-with-dsym";
				ENABLE_NS_ASSERTIONS = NO;
				ENABLE_STRICT_OBJC_MSGSEND = YES;
				GCC_C_LANGUAGE_STANDARD = gnu99;
				GCC_NO_COMMON_BLOCKS = YES;
				GCC_WARN_64_TO_32_BIT_CONVERSION = YES;
				GCC_WARN_ABOUT_RETURN_TYPE = YES_ERROR;
				GCC_WARN_UNDECLARED_SELECTOR = YES;
				GCC_WARN_UNINITIALIZED_AUTOS = YES_AGGRESSIVE;
				GCC_WARN_UNUSED_FUNCTION = YES;
				GCC_WARN_UNUSED_VARIABLE = YES;
				IPHONEOS_DEPLOYMENT_TARGET = 8.4;
				MTL_ENABLE_DEBUG_INFO = NO;
				SDKROOT = iphoneos;
				VALIDATE_PRODUCT = YES;
			};
			name = Release;
		};
		EDED80C11B7AC9B700D0ECAA /* Debug */ = {
			isa = XCBuildConfiguration;
			buildSettings = {
				ASSETCATALOG_COMPILER_APPICON_NAME = AppIcon;
				INFOPLIST_FILE = pos_visa/Info.plist;
				LD_RUNPATH_SEARCH_PATHS = "$(inherited) @executable_path/Frameworks";
				PRODUCT_NAME = "$(TARGET_NAME)";
			};
			name = Debug;
		};
		EDED80C21B7AC9B700D0ECAA /* Release */ = {
			isa = XCBuildConfiguration;
			buildSettings = {
				ASSETCATALOG_COMPILER_APPICON_NAME = AppIcon;
				INFOPLIST_FILE = pos_visa/Info.plist;
				LD_RUNPATH_SEARCH_PATHS = "$(inherited) @executable_path/Frameworks";
				PRODUCT_NAME = "$(TARGET_NAME)";
			};
			name = Release;
		};
		EDED80C41B7AC9B700D0ECAA /* Debug */ = {
			isa = XCBuildConfiguration;
			buildSettings = {
				BUNDLE_LOADER = "$(TEST_HOST)";
				FRAMEWORK_SEARCH_PATHS = (
					"$(SDKROOT)/Developer/Library/Frameworks",
					"$(inherited)",
				);
				GCC_PREPROCESSOR_DEFINITIONS = (
					"DEBUG=1",
					"$(inherited)",
				);
				INFOPLIST_FILE = pos_visaTests/Info.plist;
				LD_RUNPATH_SEARCH_PATHS = "$(inherited) @executable_path/Frameworks @loader_path/Frameworks";
				PRODUCT_NAME = "$(TARGET_NAME)";
				TEST_HOST = "$(BUILT_PRODUCTS_DIR)/pos_visa.app/pos_visa";
			};
			name = Debug;
		};
		EDED80C51B7AC9B700D0ECAA /* Release */ = {
			isa = XCBuildConfiguration;
			buildSettings = {
				BUNDLE_LOADER = "$(TEST_HOST)";
				FRAMEWORK_SEARCH_PATHS = (
					"$(SDKROOT)/Developer/Library/Frameworks",
					"$(inherited)",
				);
				INFOPLIST_FILE = pos_visaTests/Info.plist;
				LD_RUNPATH_SEARCH_PATHS = "$(inherited) @executable_path/Frameworks @loader_path/Frameworks";
				PRODUCT_NAME = "$(TARGET_NAME)";
				TEST_HOST = "$(BUILT_PRODUCTS_DIR)/pos_visa.app/pos_visa";
			};
			name = Release;
		};
/* End XCBuildConfiguration section */

/* Begin XCConfigurationList section */
		EDED80981B7AC9B700D0ECAA /* Build configuration list for PBXProject "pos_visa" */ = {
			isa = XCConfigurationList;
			buildConfigurations = (
				EDED80BE1B7AC9B700D0ECAA /* Debug */,
				EDED80BF1B7AC9B700D0ECAA /* Release */,
			);
			defaultConfigurationIsVisible = 0;
			defaultConfigurationName = Release;
		};
		EDED80C01B7AC9B700D0ECAA /* Build configuration list for PBXNativeTarget "pos_visa" */ = {
			isa = XCConfigurationList;
			buildConfigurations = (
				EDED80C11B7AC9B700D0ECAA /* Debug */,
				EDED80C21B7AC9B700D0ECAA /* Release */,
			);
			defaultConfigurationIsVisible = 0;
		};
		EDED80C31B7AC9B700D0ECAA /* Build configuration list for PBXNativeTarget "pos_visaTests" */ = {
			isa = XCConfigurationList;
			buildConfigurations = (
				EDED80C41B7AC9B700D0ECAA /* Debug */,
				EDED80C51B7AC9B700D0ECAA /* Release */,
			);
			defaultConfigurationIsVisible = 0;
		};
/* End XCConfigurationList section */
	};
	rootObject = EDED80951B7AC9B700D0ECAA /* Project object */;
}
