// !$*UTF8*$!
{
	archiveVersion = 1;
	classes = {
	};
	objectVersion = 46;
	objects = {

/* Begin PBXBuildFile section */
		ED7753C41B7EB69200BFF966 /* SSNViewController.m in Sources */ = {isa = PBXBuildFile; fileRef = ED7753C21B7EB69200BFF966 /* SSNViewController.m */; };
		ED7753CA1B7EB9CB00BFF966 /* threeBarsHeader.png in Resources */ = {isa = PBXBuildFile; fileRef = ED7753C81B7EB9CB00BFF966 /* threeBarsHeader.png */; };
		ED7753CB1B7EB9CB00BFF966 /* twoBarsHeader.png in Resources */ = {isa = PBXBuildFile; fileRef = ED7753C91B7EB9CB00BFF966 /* twoBarsHeader.png */; };
		ED7753CE1B7EBD6500BFF966 /* Constants.m in Sources */ = {isa = PBXBuildFile; fileRef = ED7753CD1B7EBD6500BFF966 /* Constants.m */; };
		ED9F97CE1B7E5D8C00B633AD /* EditPersonalInfoViewController.m in Sources */ = {isa = PBXBuildFile; fileRef = ED9F97CD1B7E5D8C00B633AD /* EditPersonalInfoViewController.m */; };
		ED9F97D21B7E761F00B633AD /* FormTextCell.xib in Resources */ = {isa = PBXBuildFile; fileRef = ED9F97D11B7E761F00B633AD /* FormTextCell.xib */; };
		ED9F97D51B7E8D0900B633AD /* FormTextCell.m in Sources */ = {isa = PBXBuildFile; fileRef = ED9F97D41B7E8D0900B633AD /* FormTextCell.m */; };
		ED9F97DF1B7E9B7600B633AD /* ButtonTableViewCell.m in Sources */ = {isa = PBXBuildFile; fileRef = ED9F97DD1B7E9B7600B633AD /* ButtonTableViewCell.m */; };
		ED9F97E01B7E9B7600B633AD /* ButtonTableViewCell.xib in Resources */ = {isa = PBXBuildFile; fileRef = ED9F97DE1B7E9B7600B633AD /* ButtonTableViewCell.xib */; };
		ED9F97E41B7E9B8E00B633AD /* ImageTableViewCell.m in Sources */ = {isa = PBXBuildFile; fileRef = ED9F97E21B7E9B8E00B633AD /* ImageTableViewCell.m */; };
		ED9F97E51B7E9B8E00B633AD /* ImageTableViewCell.xib in Resources */ = {isa = PBXBuildFile; fileRef = ED9F97E31B7E9B8E00B633AD /* ImageTableViewCell.xib */; };
		ED9F97EB1B7EA70B00B633AD /* PersonalData.m in Sources */ = {isa = PBXBuildFile; fileRef = ED9F97EA1B7EA70B00B633AD /* PersonalData.m */; };
		EDE9A5011B7C2B0A00B11E20 /* PersonalInfoViewController.m in Sources */ = {isa = PBXBuildFile; fileRef = EDE9A5001B7C2B0A00B11E20 /* PersonalInfoViewController.m */; };
		EDE9A5051B7D489700B11E20 /* v2-b1_nocredit_msg.png in Resources */ = {isa = PBXBuildFile; fileRef = EDE9A5041B7D489700B11E20 /* v2-b1_nocredit_msg.png */; };
		EDE9A5081B7D592900B11E20 /* PersonalInfoTop_TableViewCell.m in Sources */ = {isa = PBXBuildFile; fileRef = EDE9A5071B7D592900B11E20 /* PersonalInfoTop_TableViewCell.m */; };
		EDE9A50B1B7D593E00B11E20 /* PersonalInfoFooter_TableViewCell.m in Sources */ = {isa = PBXBuildFile; fileRef = EDE9A50A1B7D593E00B11E20 /* PersonalInfoFooter_TableViewCell.m */; };
		EDE9A50F1B7D715300B11E20 /* v2-C2_top.png in Resources */ = {isa = PBXBuildFile; fileRef = EDE9A50E1B7D715300B11E20 /* v2-C2_top.png */; };
		EDE9A5121B7D7BEA00B11E20 /* ScanDriversLicenseViewController.m in Sources */ = {isa = PBXBuildFile; fileRef = EDE9A5111B7D7BEA00B11E20 /* ScanDriversLicenseViewController.m */; };
		EDE9A5191B7D7E3200B11E20 /* AudioToolbox.framework in Frameworks */ = {isa = PBXBuildFile; fileRef = EDE9A5131B7D7E3200B11E20 /* AudioToolbox.framework */; };
		EDE9A51A1B7D7E3200B11E20 /* AVFoundation.framework in Frameworks */ = {isa = PBXBuildFile; fileRef = EDE9A5141B7D7E3200B11E20 /* AVFoundation.framework */; };
		EDE9A51B1B7D7E3200B11E20 /* CoreGraphics.framework in Frameworks */ = {isa = PBXBuildFile; fileRef = EDE9A5151B7D7E3200B11E20 /* CoreGraphics.framework */; };
		EDE9A51C1B7D7E3200B11E20 /* CoreMedia.framework in Frameworks */ = {isa = PBXBuildFile; fileRef = EDE9A5161B7D7E3200B11E20 /* CoreMedia.framework */; };
		EDE9A51D1B7D7E3200B11E20 /* CoreText.framework in Frameworks */ = {isa = PBXBuildFile; fileRef = EDE9A5171B7D7E3200B11E20 /* CoreText.framework */; };
		EDE9A51E1B7D7E3200B11E20 /* CoreVideo.framework in Frameworks */ = {isa = PBXBuildFile; fileRef = EDE9A5181B7D7E3200B11E20 /* CoreVideo.framework */; };
		EDE9A5241B7D7E5400B11E20 /* Foundation.framework in Frameworks */ = {isa = PBXBuildFile; fileRef = EDE9A51F1B7D7E5400B11E20 /* Foundation.framework */; };
		EDE9A5251B7D7E5400B11E20 /* MobileCoreServices.framework in Frameworks */ = {isa = PBXBuildFile; fileRef = EDE9A5201B7D7E5400B11E20 /* MobileCoreServices.framework */; };
		EDE9A5261B7D7E5400B11E20 /* QuartzCore.framework in Frameworks */ = {isa = PBXBuildFile; fileRef = EDE9A5211B7D7E5400B11E20 /* QuartzCore.framework */; };
		EDE9A5271B7D7E5400B11E20 /* Security.framework in Frameworks */ = {isa = PBXBuildFile; fileRef = EDE9A5221B7D7E5400B11E20 /* Security.framework */; };
		EDE9A5281B7D7E5400B11E20 /* UIKit.framework in Frameworks */ = {isa = PBXBuildFile; fileRef = EDE9A5231B7D7E5400B11E20 /* UIKit.framework */; };
		EDE9A52C1B7D7E9E00B11E20 /* libc++.dylib in Frameworks */ = {isa = PBXBuildFile; fileRef = EDE9A5291B7D7E9E00B11E20 /* libc++.dylib */; };
		EDE9A52D1B7D7E9E00B11E20 /* libiconv.dylib in Frameworks */ = {isa = PBXBuildFile; fileRef = EDE9A52A1B7D7E9E00B11E20 /* libiconv.dylib */; };
		EDE9A52E1B7D7E9E00B11E20 /* libz.dylib in Frameworks */ = {isa = PBXBuildFile; fileRef = EDE9A52B1B7D7E9E00B11E20 /* libz.dylib */; };
		EDE9A5301B7D7EB400B11E20 /* Netverify.framework in Frameworks */ = {isa = PBXBuildFile; fileRef = EDE9A52F1B7D7EB400B11E20 /* Netverify.framework */; };
		EDE9A5351B7D81A800B11E20 /* Localizable-Netverify.strings in Resources */ = {isa = PBXBuildFile; fileRef = EDE9A5331B7D81A800B11E20 /* Localizable-Netverify.strings */; };
		EDE9A5361B7D81A800B11E20 /* NetverifyResources.bundle in Resources */ = {isa = PBXBuildFile; fileRef = EDE9A5341B7D81A800B11E20 /* NetverifyResources.bundle */; };
		EDE9A5381B7D825A00B11E20 /* JumioCore.framework in Frameworks */ = {isa = PBXBuildFile; fileRef = EDE9A5371B7D825A00B11E20 /* JumioCore.framework */; };
		EDE9A53A1B7D82E300B11E20 /* Accelerate.framework in Frameworks */ = {isa = PBXBuildFile; fileRef = EDE9A5391B7D82E300B11E20 /* Accelerate.framework */; };
		EDE9A53F1B7D86C900B11E20 /* v2-C2_TitleOnly.png in Resources */ = {isa = PBXBuildFile; fileRef = EDE9A53E1B7D86C900B11E20 /* v2-C2_TitleOnly.png */; };
		EDE9A5421B7D87B800B11E20 /* EditPersonalInfoTableViewCell.m in Sources */ = {isa = PBXBuildFile; fileRef = EDE9A5411B7D87B800B11E20 /* EditPersonalInfoTableViewCell.m */; };
		EDEAB5C71B7BCAAB00DAA650 /* v2_A00.png in Resources */ = {isa = PBXBuildFile; fileRef = EDEAB5B41B7BCAAB00DAA650 /* v2_A00.png */; };
		EDEAB5C81B7BCAAB00DAA650 /* v2_K1_footer.png in Resources */ = {isa = PBXBuildFile; fileRef = EDEAB5B51B7BCAAB00DAA650 /* v2_K1_footer.png */; };
		EDEAB5C91B7BCAAB00DAA650 /* v2-A1.png in Resources */ = {isa = PBXBuildFile; fileRef = EDEAB5B61B7BCAAB00DAA650 /* v2-A1.png */; };
		EDEAB5CA1B7BCAAB00DAA650 /* v2-A2.png in Resources */ = {isa = PBXBuildFile; fileRef = EDEAB5B71B7BCAAB00DAA650 /* v2-A2.png */; };
		EDEAB5CB1B7BCAAB00DAA650 /* v2-B1.png in Resources */ = {isa = PBXBuildFile; fileRef = EDEAB5B81B7BCAAB00DAA650 /* v2-B1.png */; };
		EDEAB5CC1B7BCAAB00DAA650 /* v2-B2.png in Resources */ = {isa = PBXBuildFile; fileRef = EDEAB5B91B7BCAAB00DAA650 /* v2-B2.png */; };
		EDEAB5CD1B7BCAAB00DAA650 /* v2-C1.png in Resources */ = {isa = PBXBuildFile; fileRef = EDEAB5BA1B7BCAAB00DAA650 /* v2-C1.png */; };
		EDEAB5CE1B7BCAAB00DAA650 /* v2-C2.png in Resources */ = {isa = PBXBuildFile; fileRef = EDEAB5BB1B7BCAAB00DAA650 /* v2-C2.png */; };
		EDEAB5CF1B7BCAAB00DAA650 /* v2-C3.png in Resources */ = {isa = PBXBuildFile; fileRef = EDEAB5BC1B7BCAAB00DAA650 /* v2-C3.png */; };
		EDEAB5D01B7BCAAB00DAA650 /* v2-D1.png in Resources */ = {isa = PBXBuildFile; fileRef = EDEAB5BD1B7BCAAB00DAA650 /* v2-D1.png */; };
		EDEAB5D11B7BCAAB00DAA650 /* v2-E1.png in Resources */ = {isa = PBXBuildFile; fileRef = EDEAB5BE1B7BCAAB00DAA650 /* v2-E1.png */; };
		EDEAB5D21B7BCAAB00DAA650 /* v2-F1.png in Resources */ = {isa = PBXBuildFile; fileRef = EDEAB5BF1B7BCAAB00DAA650 /* v2-F1.png */; };
		EDEAB5D31B7BCAAB00DAA650 /* v2-G1.png in Resources */ = {isa = PBXBuildFile; fileRef = EDEAB5C01B7BCAAB00DAA650 /* v2-G1.png */; };
		EDEAB5D41B7BCAAB00DAA650 /* v2-G2.png in Resources */ = {isa = PBXBuildFile; fileRef = EDEAB5C11B7BCAAB00DAA650 /* v2-G2.png */; };
		EDEAB5D51B7BCAAB00DAA650 /* v2-H1.png in Resources */ = {isa = PBXBuildFile; fileRef = EDEAB5C21B7BCAAB00DAA650 /* v2-H1.png */; };
		EDEAB5D61B7BCAAB00DAA650 /* v2-H2.png in Resources */ = {isa = PBXBuildFile; fileRef = EDEAB5C31B7BCAAB00DAA650 /* v2-H2.png */; };
		EDEAB5D71B7BCAAB00DAA650 /* v2-I1.png in Resources */ = {isa = PBXBuildFile; fileRef = EDEAB5C41B7BCAAB00DAA650 /* v2-I1.png */; };
		EDEAB5D81B7BCAAB00DAA650 /* v2-I2.png in Resources */ = {isa = PBXBuildFile; fileRef = EDEAB5C51B7BCAAB00DAA650 /* v2-I2.png */; };
		EDEAB5D91B7BCAAB00DAA650 /* v2-J1.png in Resources */ = {isa = PBXBuildFile; fileRef = EDEAB5C61B7BCAAB00DAA650 /* v2-J1.png */; };
		EDEAB5E41B7C05D300DAA650 /* RootNavigationController.m in Sources */ = {isa = PBXBuildFile; fileRef = EDEAB5E31B7C05D300DAA650 /* RootNavigationController.m */; };
		EDEAB5E71B7C062700DAA650 /* ApplyForLoanViewController.m in Sources */ = {isa = PBXBuildFile; fileRef = EDEAB5E61B7C062700DAA650 /* ApplyForLoanViewController.m */; };
		EDED80A31B7AC9B700D0ECAA /* main.m in Sources */ = {isa = PBXBuildFile; fileRef = EDED80A21B7AC9B700D0ECAA /* main.m */; };
		EDED80A61B7AC9B700D0ECAA /* AppDelegate.m in Sources */ = {isa = PBXBuildFile; fileRef = EDED80A51B7AC9B700D0ECAA /* AppDelegate.m */; };
		EDED80AC1B7AC9B700D0ECAA /* Main.storyboard in Resources */ = {isa = PBXBuildFile; fileRef = EDED80AA1B7AC9B700D0ECAA /* Main.storyboard */; };
		EDED80AE1B7AC9B700D0ECAA /* Images.xcassets in Resources */ = {isa = PBXBuildFile; fileRef = EDED80AD1B7AC9B700D0ECAA /* Images.xcassets */; };
		EDED80B11B7AC9B700D0ECAA /* LaunchScreen.xib in Resources */ = {isa = PBXBuildFile; fileRef = EDED80AF1B7AC9B700D0ECAA /* LaunchScreen.xib */; };
		EDED80BD1B7AC9B700D0ECAA /* pos_visaTests.m in Sources */ = {isa = PBXBuildFile; fileRef = EDED80BC1B7AC9B700D0ECAA /* pos_visaTests.m */; };
		EDED80C81B7ACEEA00D0ECAA /* GetStartedViewController.m in Sources */ = {isa = PBXBuildFile; fileRef = EDED80C71B7ACEEA00D0ECAA /* GetStartedViewController.m */; };
/* End PBXBuildFile section */

/* Begin PBXContainerItemProxy section */
		EDED80B71B7AC9B700D0ECAA /* PBXContainerItemProxy */ = {
			isa = PBXContainerItemProxy;
			containerPortal = EDED80951B7AC9B700D0ECAA /* Project object */;
			proxyType = 1;
			remoteGlobalIDString = EDED809C1B7AC9B700D0ECAA;
			remoteInfo = pos_visa;
		};
/* End PBXContainerItemProxy section */

/* Begin PBXFileReference section */
		ED7753C11B7EB69200BFF966 /* SSNViewController.h */ = {isa = PBXFileReference; fileEncoding = 4; lastKnownFileType = sourcecode.c.h; path = SSNViewController.h; sourceTree = "<group>"; };
		ED7753C21B7EB69200BFF966 /* SSNViewController.m */ = {isa = PBXFileReference; fileEncoding = 4; lastKnownFileType = sourcecode.c.objc; path = SSNViewController.m; sourceTree = "<group>"; };
		ED7753C81B7EB9CB00BFF966 /* threeBarsHeader.png */ = {isa = PBXFileReference; lastKnownFileType = image.png; name = threeBarsHeader.png; path = Images.xcassets/threeBarsHeader.png; sourceTree = "<group>"; };
		ED7753C91B7EB9CB00BFF966 /* twoBarsHeader.png */ = {isa = PBXFileReference; lastKnownFileType = image.png; name = twoBarsHeader.png; path = Images.xcassets/twoBarsHeader.png; sourceTree = "<group>"; };
		ED7753CC1B7EBD3300BFF966 /* Constants.h */ = {isa = PBXFileReference; lastKnownFileType = sourcecode.c.h; path = Constants.h; sourceTree = "<group>"; };
		ED7753CD1B7EBD6500BFF966 /* Constants.m */ = {isa = PBXFileReference; fileEncoding = 4; lastKnownFileType = sourcecode.c.objc; path = Constants.m; sourceTree = "<group>"; };
		ED9F97CC1B7E5D8C00B633AD /* EditPersonalInfoViewController.h */ = {isa = PBXFileReference; fileEncoding = 4; lastKnownFileType = sourcecode.c.h; path = EditPersonalInfoViewController.h; sourceTree = "<group>"; };
		ED9F97CD1B7E5D8C00B633AD /* EditPersonalInfoViewController.m */ = {isa = PBXFileReference; fileEncoding = 4; lastKnownFileType = sourcecode.c.objc; path = EditPersonalInfoViewController.m; sourceTree = "<group>"; };
		ED9F97D11B7E761F00B633AD /* FormTextCell.xib */ = {isa = PBXFileReference; fileEncoding = 4; lastKnownFileType = file.xib; path = FormTextCell.xib; sourceTree = "<group>"; };
		ED9F97D31B7E8D0900B633AD /* FormTextCell.h */ = {isa = PBXFileReference; fileEncoding = 4; lastKnownFileType = sourcecode.c.h; path = FormTextCell.h; sourceTree = "<group>"; };
		ED9F97D41B7E8D0900B633AD /* FormTextCell.m */ = {isa = PBXFileReference; fileEncoding = 4; lastKnownFileType = sourcecode.c.objc; path = FormTextCell.m; sourceTree = "<group>"; };
		ED9F97DC1B7E9B7600B633AD /* ButtonTableViewCell.h */ = {isa = PBXFileReference; fileEncoding = 4; lastKnownFileType = sourcecode.c.h; path = ButtonTableViewCell.h; sourceTree = "<group>"; };
		ED9F97DD1B7E9B7600B633AD /* ButtonTableViewCell.m */ = {isa = PBXFileReference; fileEncoding = 4; lastKnownFileType = sourcecode.c.objc; path = ButtonTableViewCell.m; sourceTree = "<group>"; };
		ED9F97DE1B7E9B7600B633AD /* ButtonTableViewCell.xib */ = {isa = PBXFileReference; fileEncoding = 4; lastKnownFileType = file.xib; path = ButtonTableViewCell.xib; sourceTree = "<group>"; };
		ED9F97E11B7E9B8E00B633AD /* ImageTableViewCell.h */ = {isa = PBXFileReference; fileEncoding = 4; lastKnownFileType = sourcecode.c.h; path = ImageTableViewCell.h; sourceTree = "<group>"; };
		ED9F97E21B7E9B8E00B633AD /* ImageTableViewCell.m */ = {isa = PBXFileReference; fileEncoding = 4; lastKnownFileType = sourcecode.c.objc; path = ImageTableViewCell.m; sourceTree = "<group>"; };
		ED9F97E31B7E9B8E00B633AD /* ImageTableViewCell.xib */ = {isa = PBXFileReference; fileEncoding = 4; lastKnownFileType = file.xib; path = ImageTableViewCell.xib; sourceTree = "<group>"; };
		ED9F97E91B7EA70B00B633AD /* PersonalData.h */ = {isa = PBXFileReference; fileEncoding = 4; lastKnownFileType = sourcecode.c.h; path = PersonalData.h; sourceTree = "<group>"; };
		ED9F97EA1B7EA70B00B633AD /* PersonalData.m */ = {isa = PBXFileReference; fileEncoding = 4; lastKnownFileType = sourcecode.c.objc; path = PersonalData.m; sourceTree = "<group>"; };
		EDE9A4FF1B7C2B0A00B11E20 /* PersonalInfoViewController.h */ = {isa = PBXFileReference; fileEncoding = 4; lastKnownFileType = sourcecode.c.h; path = PersonalInfoViewController.h; sourceTree = "<group>"; };
		EDE9A5001B7C2B0A00B11E20 /* PersonalInfoViewController.m */ = {isa = PBXFileReference; fileEncoding = 4; lastKnownFileType = sourcecode.c.objc; path = PersonalInfoViewController.m; sourceTree = "<group>"; };
		EDE9A5041B7D489700B11E20 /* v2-b1_nocredit_msg.png */ = {isa = PBXFileReference; lastKnownFileType = image.png; name = "v2-b1_nocredit_msg.png"; path = "Images.xcassets/v2-b1_nocredit_msg.png"; sourceTree = "<group>"; };
		EDE9A5061B7D592900B11E20 /* PersonalInfoTop_TableViewCell.h */ = {isa = PBXFileReference; fileEncoding = 4; lastKnownFileType = sourcecode.c.h; path = PersonalInfoTop_TableViewCell.h; sourceTree = "<group>"; };
		EDE9A5071B7D592900B11E20 /* PersonalInfoTop_TableViewCell.m */ = {isa = PBXFileReference; fileEncoding = 4; lastKnownFileType = sourcecode.c.objc; path = PersonalInfoTop_TableViewCell.m; sourceTree = "<group>"; };
		EDE9A5091B7D593E00B11E20 /* PersonalInfoFooter_TableViewCell.h */ = {isa = PBXFileReference; fileEncoding = 4; lastKnownFileType = sourcecode.c.h; path = PersonalInfoFooter_TableViewCell.h; sourceTree = "<group>"; };
		EDE9A50A1B7D593E00B11E20 /* PersonalInfoFooter_TableViewCell.m */ = {isa = PBXFileReference; fileEncoding = 4; lastKnownFileType = sourcecode.c.objc; path = PersonalInfoFooter_TableViewCell.m; sourceTree = "<group>"; };
		EDE9A50E1B7D715300B11E20 /* v2-C2_top.png */ = {isa = PBXFileReference; lastKnownFileType = image.png; name = "v2-C2_top.png"; path = "Images.xcassets/v2-C2_top.png"; sourceTree = "<group>"; };
		EDE9A5101B7D7BEA00B11E20 /* ScanDriversLicenseViewController.h */ = {isa = PBXFileReference; fileEncoding = 4; lastKnownFileType = sourcecode.c.h; path = ScanDriversLicenseViewController.h; sourceTree = "<group>"; };
		EDE9A5111B7D7BEA00B11E20 /* ScanDriversLicenseViewController.m */ = {isa = PBXFileReference; fileEncoding = 4; lastKnownFileType = sourcecode.c.objc; path = ScanDriversLicenseViewController.m; sourceTree = "<group>"; };
		EDE9A5131B7D7E3200B11E20 /* AudioToolbox.framework */ = {isa = PBXFileReference; lastKnownFileType = wrapper.framework; name = AudioToolbox.framework; path = System/Library/Frameworks/AudioToolbox.framework; sourceTree = SDKROOT; };
		EDE9A5141B7D7E3200B11E20 /* AVFoundation.framework */ = {isa = PBXFileReference; lastKnownFileType = wrapper.framework; name = AVFoundation.framework; path = System/Library/Frameworks/AVFoundation.framework; sourceTree = SDKROOT; };
		EDE9A5151B7D7E3200B11E20 /* CoreGraphics.framework */ = {isa = PBXFileReference; lastKnownFileType = wrapper.framework; name = CoreGraphics.framework; path = System/Library/Frameworks/CoreGraphics.framework; sourceTree = SDKROOT; };
		EDE9A5161B7D7E3200B11E20 /* CoreMedia.framework */ = {isa = PBXFileReference; lastKnownFileType = wrapper.framework; name = CoreMedia.framework; path = System/Library/Frameworks/CoreMedia.framework; sourceTree = SDKROOT; };
		EDE9A5171B7D7E3200B11E20 /* CoreText.framework */ = {isa = PBXFileReference; lastKnownFileType = wrapper.framework; name = CoreText.framework; path = System/Library/Frameworks/CoreText.framework; sourceTree = SDKROOT; };
		EDE9A5181B7D7E3200B11E20 /* CoreVideo.framework */ = {isa = PBXFileReference; lastKnownFileType = wrapper.framework; name = CoreVideo.framework; path = System/Library/Frameworks/CoreVideo.framework; sourceTree = SDKROOT; };
		EDE9A51F1B7D7E5400B11E20 /* Foundation.framework */ = {isa = PBXFileReference; lastKnownFileType = wrapper.framework; name = Foundation.framework; path = System/Library/Frameworks/Foundation.framework; sourceTree = SDKROOT; };
		EDE9A5201B7D7E5400B11E20 /* MobileCoreServices.framework */ = {isa = PBXFileReference; lastKnownFileType = wrapper.framework; name = MobileCoreServices.framework; path = System/Library/Frameworks/MobileCoreServices.framework; sourceTree = SDKROOT; };
		EDE9A5211B7D7E5400B11E20 /* QuartzCore.framework */ = {isa = PBXFileReference; lastKnownFileType = wrapper.framework; name = QuartzCore.framework; path = System/Library/Frameworks/QuartzCore.framework; sourceTree = SDKROOT; };
		EDE9A5221B7D7E5400B11E20 /* Security.framework */ = {isa = PBXFileReference; lastKnownFileType = wrapper.framework; name = Security.framework; path = System/Library/Frameworks/Security.framework; sourceTree = SDKROOT; };
		EDE9A5231B7D7E5400B11E20 /* UIKit.framework */ = {isa = PBXFileReference; lastKnownFileType = wrapper.framework; name = UIKit.framework; path = System/Library/Frameworks/UIKit.framework; sourceTree = SDKROOT; };
		EDE9A5291B7D7E9E00B11E20 /* libc++.dylib */ = {isa = PBXFileReference; lastKnownFileType = "compiled.mach-o.dylib"; name = "libc++.dylib"; path = "usr/lib/libc++.dylib"; sourceTree = SDKROOT; };
		EDE9A52A1B7D7E9E00B11E20 /* libiconv.dylib */ = {isa = PBXFileReference; lastKnownFileType = "compiled.mach-o.dylib"; name = libiconv.dylib; path = usr/lib/libiconv.dylib; sourceTree = SDKROOT; };
		EDE9A52B1B7D7E9E00B11E20 /* libz.dylib */ = {isa = PBXFileReference; lastKnownFileType = "compiled.mach-o.dylib"; name = libz.dylib; path = usr/lib/libz.dylib; sourceTree = SDKROOT; };
		EDE9A52F1B7D7EB400B11E20 /* Netverify.framework */ = {isa = PBXFileReference; lastKnownFileType = wrapper.framework; name = Netverify.framework; path = ../JumioMobileSDK/Netverify.framework; sourceTree = "<group>"; };
		EDE9A5331B7D81A800B11E20 /* Localizable-Netverify.strings */ = {isa = PBXFileReference; fileEncoding = 4; lastKnownFileType = text.plist.strings; path = "Localizable-Netverify.strings"; sourceTree = "<group>"; };
		EDE9A5341B7D81A800B11E20 /* NetverifyResources.bundle */ = {isa = PBXFileReference; lastKnownFileType = "wrapper.plug-in"; path = NetverifyResources.bundle; sourceTree = "<group>"; };
		EDE9A5371B7D825A00B11E20 /* JumioCore.framework */ = {isa = PBXFileReference; lastKnownFileType = wrapper.framework; name = JumioCore.framework; path = ../JumioMobileSDK/JumioCore.framework; sourceTree = "<group>"; };
		EDE9A5391B7D82E300B11E20 /* Accelerate.framework */ = {isa = PBXFileReference; lastKnownFileType = wrapper.framework; name = Accelerate.framework; path = System/Library/Frameworks/Accelerate.framework; sourceTree = SDKROOT; };
		EDE9A53E1B7D86C900B11E20 /* v2-C2_TitleOnly.png */ = {isa = PBXFileReference; lastKnownFileType = image.png; name = "v2-C2_TitleOnly.png"; path = "Images.xcassets/v2-C2_TitleOnly.png"; sourceTree = "<group>"; };
		EDE9A5401B7D87B800B11E20 /* EditPersonalInfoTableViewCell.h */ = {isa = PBXFileReference; fileEncoding = 4; lastKnownFileType = sourcecode.c.h; path = EditPersonalInfoTableViewCell.h; sourceTree = "<group>"; };
		EDE9A5411B7D87B800B11E20 /* EditPersonalInfoTableViewCell.m */ = {isa = PBXFileReference; fileEncoding = 4; lastKnownFileType = sourcecode.c.objc; path = EditPersonalInfoTableViewCell.m; sourceTree = "<group>"; };
		EDEAB5B41B7BCAAB00DAA650 /* v2_A00.png */ = {isa = PBXFileReference; lastKnownFileType = image.png; name = v2_A00.png; path = Images.xcassets/v2_A00.png; sourceTree = "<group>"; };
		EDEAB5B51B7BCAAB00DAA650 /* v2_K1_footer.png */ = {isa = PBXFileReference; lastKnownFileType = image.png; name = v2_K1_footer.png; path = Images.xcassets/v2_K1_footer.png; sourceTree = "<group>"; };
		EDEAB5B61B7BCAAB00DAA650 /* v2-A1.png */ = {isa = PBXFileReference; lastKnownFileType = image.png; name = "v2-A1.png"; path = "Images.xcassets/v2-A1.png"; sourceTree = "<group>"; };
		EDEAB5B71B7BCAAB00DAA650 /* v2-A2.png */ = {isa = PBXFileReference; lastKnownFileType = image.png; name = "v2-A2.png"; path = "Images.xcassets/v2-A2.png"; sourceTree = "<group>"; };
		EDEAB5B81B7BCAAB00DAA650 /* v2-B1.png */ = {isa = PBXFileReference; lastKnownFileType = image.png; name = "v2-B1.png"; path = "Images.xcassets/v2-B1.png"; sourceTree = "<group>"; };
		EDEAB5B91B7BCAAB00DAA650 /* v2-B2.png */ = {isa = PBXFileReference; lastKnownFileType = image.png; name = "v2-B2.png"; path = "Images.xcassets/v2-B2.png"; sourceTree = "<group>"; };
		EDEAB5BA1B7BCAAB00DAA650 /* v2-C1.png */ = {isa = PBXFileReference; lastKnownFileType = image.png; name = "v2-C1.png"; path = "Images.xcassets/v2-C1.png"; sourceTree = "<group>"; };
		EDEAB5BB1B7BCAAB00DAA650 /* v2-C2.png */ = {isa = PBXFileReference; lastKnownFileType = image.png; name = "v2-C2.png"; path = "Images.xcassets/v2-C2.png"; sourceTree = "<group>"; };
		EDEAB5BC1B7BCAAB00DAA650 /* v2-C3.png */ = {isa = PBXFileReference; lastKnownFileType = image.png; name = "v2-C3.png"; path = "Images.xcassets/v2-C3.png"; sourceTree = "<group>"; };
		EDEAB5BD1B7BCAAB00DAA650 /* v2-D1.png */ = {isa = PBXFileReference; lastKnownFileType = image.png; name = "v2-D1.png"; path = "Images.xcassets/v2-D1.png"; sourceTree = "<group>"; };
		EDEAB5BE1B7BCAAB00DAA650 /* v2-E1.png */ = {isa = PBXFileReference; lastKnownFileType = image.png; name = "v2-E1.png"; path = "Images.xcassets/v2-E1.png"; sourceTree = "<group>"; };
		EDEAB5BF1B7BCAAB00DAA650 /* v2-F1.png */ = {isa = PBXFileReference; lastKnownFileType = image.png; name = "v2-F1.png"; path = "Images.xcassets/v2-F1.png"; sourceTree = "<group>"; };
		EDEAB5C01B7BCAAB00DAA650 /* v2-G1.png */ = {isa = PBXFileReference; lastKnownFileType = image.png; name = "v2-G1.png"; path = "Images.xcassets/v2-G1.png"; sourceTree = "<group>"; };
		EDEAB5C11B7BCAAB00DAA650 /* v2-G2.png */ = {isa = PBXFileReference; lastKnownFileType = image.png; name = "v2-G2.png"; path = "Images.xcassets/v2-G2.png"; sourceTree = "<group>"; };
		EDEAB5C21B7BCAAB00DAA650 /* v2-H1.png */ = {isa = PBXFileReference; lastKnownFileType = image.png; name = "v2-H1.png"; path = "Images.xcassets/v2-H1.png"; sourceTree = "<group>"; };
		EDEAB5C31B7BCAAB00DAA650 /* v2-H2.png */ = {isa = PBXFileReference; lastKnownFileType = image.png; name = "v2-H2.png"; path = "Images.xcassets/v2-H2.png"; sourceTree = "<group>"; };
		EDEAB5C41B7BCAAB00DAA650 /* v2-I1.png */ = {isa = PBXFileReference; lastKnownFileType = image.png; name = "v2-I1.png"; path = "Images.xcassets/v2-I1.png"; sourceTree = "<group>"; };
		EDEAB5C51B7BCAAB00DAA650 /* v2-I2.png */ = {isa = PBXFileReference; lastKnownFileType = image.png; name = "v2-I2.png"; path = "Images.xcassets/v2-I2.png"; sourceTree = "<group>"; };
		EDEAB5C61B7BCAAB00DAA650 /* v2-J1.png */ = {isa = PBXFileReference; lastKnownFileType = image.png; name = "v2-J1.png"; path = "Images.xcassets/v2-J1.png"; sourceTree = "<group>"; };
		EDEAB5E21B7C05D300DAA650 /* RootNavigationController.h */ = {isa = PBXFileReference; fileEncoding = 4; lastKnownFileType = sourcecode.c.h; path = RootNavigationController.h; sourceTree = "<group>"; };
		EDEAB5E31B7C05D300DAA650 /* RootNavigationController.m */ = {isa = PBXFileReference; fileEncoding = 4; lastKnownFileType = sourcecode.c.objc; path = RootNavigationController.m; sourceTree = "<group>"; };
		EDEAB5E51B7C062700DAA650 /* ApplyForLoanViewController.h */ = {isa = PBXFileReference; fileEncoding = 4; lastKnownFileType = sourcecode.c.h; path = ApplyForLoanViewController.h; sourceTree = "<group>"; };
		EDEAB5E61B7C062700DAA650 /* ApplyForLoanViewController.m */ = {isa = PBXFileReference; fileEncoding = 4; lastKnownFileType = sourcecode.c.objc; path = ApplyForLoanViewController.m; sourceTree = "<group>"; };
		EDED809D1B7AC9B700D0ECAA /* pos_visa.app */ = {isa = PBXFileReference; explicitFileType = wrapper.application; includeInIndex = 0; path = pos_visa.app; sourceTree = BUILT_PRODUCTS_DIR; };
		EDED80A11B7AC9B700D0ECAA /* Info.plist */ = {isa = PBXFileReference; lastKnownFileType = text.plist.xml; path = Info.plist; sourceTree = "<group>"; };
		EDED80A21B7AC9B700D0ECAA /* main.m */ = {isa = PBXFileReference; lastKnownFileType = sourcecode.c.objc; path = main.m; sourceTree = "<group>"; };
		EDED80A41B7AC9B700D0ECAA /* AppDelegate.h */ = {isa = PBXFileReference; lastKnownFileType = sourcecode.c.h; path = AppDelegate.h; sourceTree = "<group>"; };
		EDED80A51B7AC9B700D0ECAA /* AppDelegate.m */ = {isa = PBXFileReference; lastKnownFileType = sourcecode.c.objc; path = AppDelegate.m; sourceTree = "<group>"; };
		EDED80AB1B7AC9B700D0ECAA /* Base */ = {isa = PBXFileReference; lastKnownFileType = file.storyboard; name = Base; path = Base.lproj/Main.storyboard; sourceTree = "<group>"; };
		EDED80AD1B7AC9B700D0ECAA /* Images.xcassets */ = {isa = PBXFileReference; lastKnownFileType = folder.assetcatalog; path = Images.xcassets; sourceTree = "<group>"; };
		EDED80B01B7AC9B700D0ECAA /* Base */ = {isa = PBXFileReference; lastKnownFileType = file.xib; name = Base; path = Base.lproj/LaunchScreen.xib; sourceTree = "<group>"; };
		EDED80B61B7AC9B700D0ECAA /* pos_visaTests.xctest */ = {isa = PBXFileReference; explicitFileType = wrapper.cfbundle; includeInIndex = 0; path = pos_visaTests.xctest; sourceTree = BUILT_PRODUCTS_DIR; };
		EDED80BB1B7AC9B700D0ECAA /* Info.plist */ = {isa = PBXFileReference; lastKnownFileType = text.plist.xml; path = Info.plist; sourceTree = "<group>"; };
		EDED80BC1B7AC9B700D0ECAA /* pos_visaTests.m */ = {isa = PBXFileReference; lastKnownFileType = sourcecode.c.objc; path = pos_visaTests.m; sourceTree = "<group>"; };
		EDED80C61B7ACEEA00D0ECAA /* GetStartedViewController.h */ = {isa = PBXFileReference; fileEncoding = 4; lastKnownFileType = sourcecode.c.h; path = GetStartedViewController.h; sourceTree = "<group>"; };
		EDED80C71B7ACEEA00D0ECAA /* GetStartedViewController.m */ = {isa = PBXFileReference; fileEncoding = 4; lastKnownFileType = sourcecode.c.objc; path = GetStartedViewController.m; sourceTree = "<group>"; };
/* End PBXFileReference section */

/* Begin PBXFrameworksBuildPhase section */
		EDED809A1B7AC9B700D0ECAA /* Frameworks */ = {
			isa = PBXFrameworksBuildPhase;
			buildActionMask = 2147483647;
			files = (
				EDE9A5381B7D825A00B11E20 /* JumioCore.framework in Frameworks */,
				EDE9A5301B7D7EB400B11E20 /* Netverify.framework in Frameworks */,
				EDE9A52C1B7D7E9E00B11E20 /* libc++.dylib in Frameworks */,
				EDE9A52D1B7D7E9E00B11E20 /* libiconv.dylib in Frameworks */,
				EDE9A52E1B7D7E9E00B11E20 /* libz.dylib in Frameworks */,
				EDE9A53A1B7D82E300B11E20 /* Accelerate.framework in Frameworks */,
				EDE9A5191B7D7E3200B11E20 /* AudioToolbox.framework in Frameworks */,
				EDE9A51A1B7D7E3200B11E20 /* AVFoundation.framework in Frameworks */,
				EDE9A51B1B7D7E3200B11E20 /* CoreGraphics.framework in Frameworks */,
				EDE9A51C1B7D7E3200B11E20 /* CoreMedia.framework in Frameworks */,
				EDE9A51D1B7D7E3200B11E20 /* CoreText.framework in Frameworks */,
				EDE9A51E1B7D7E3200B11E20 /* CoreVideo.framework in Frameworks */,
				EDE9A5241B7D7E5400B11E20 /* Foundation.framework in Frameworks */,
				EDE9A5251B7D7E5400B11E20 /* MobileCoreServices.framework in Frameworks */,
				EDE9A5261B7D7E5400B11E20 /* QuartzCore.framework in Frameworks */,
				EDE9A5271B7D7E5400B11E20 /* Security.framework in Frameworks */,
				EDE9A5281B7D7E5400B11E20 /* UIKit.framework in Frameworks */,
			);
			runOnlyForDeploymentPostprocessing = 0;
		};
		EDED80B31B7AC9B700D0ECAA /* Frameworks */ = {
			isa = PBXFrameworksBuildPhase;
			buildActionMask = 2147483647;
			files = (
			);
			runOnlyForDeploymentPostprocessing = 0;
		};
/* End PBXFrameworksBuildPhase section */

/* Begin PBXGroup section */
		EDE9A5311B7D7EE500B11E20 /* Frameworks */ = {
			isa = PBXGroup;
			children = (
				EDE9A5391B7D82E300B11E20 /* Accelerate.framework */,
				EDE9A5371B7D825A00B11E20 /* JumioCore.framework */,
				EDE9A5321B7D81A800B11E20 /* Netverify */,
				EDE9A52F1B7D7EB400B11E20 /* Netverify.framework */,
				EDE9A5291B7D7E9E00B11E20 /* libc++.dylib */,
				EDE9A52A1B7D7E9E00B11E20 /* libiconv.dylib */,
				EDE9A52B1B7D7E9E00B11E20 /* libz.dylib */,
				EDE9A51F1B7D7E5400B11E20 /* Foundation.framework */,
				EDE9A5201B7D7E5400B11E20 /* MobileCoreServices.framework */,
				EDE9A5211B7D7E5400B11E20 /* QuartzCore.framework */,
				EDE9A5221B7D7E5400B11E20 /* Security.framework */,
				EDE9A5231B7D7E5400B11E20 /* UIKit.framework */,
				EDE9A5131B7D7E3200B11E20 /* AudioToolbox.framework */,
				EDE9A5141B7D7E3200B11E20 /* AVFoundation.framework */,
				EDE9A5151B7D7E3200B11E20 /* CoreGraphics.framework */,
				EDE9A5161B7D7E3200B11E20 /* CoreMedia.framework */,
				EDE9A5171B7D7E3200B11E20 /* CoreText.framework */,
				EDE9A5181B7D7E3200B11E20 /* CoreVideo.framework */,
			);
			name = Frameworks;
			sourceTree = "<group>";
		};
		EDE9A5321B7D81A800B11E20 /* Netverify */ = {
			isa = PBXGroup;
			children = (
				EDE9A5331B7D81A800B11E20 /* Localizable-Netverify.strings */,
				EDE9A5341B7D81A800B11E20 /* NetverifyResources.bundle */,
			);
			name = Netverify;
			path = ../JumioMobileSDK/Netverify;
			sourceTree = "<group>";
		};
		EDED80941B7AC9B700D0ECAA = {
			isa = PBXGroup;
			children = (
				EDED809F1B7AC9B700D0ECAA /* pos_visa */,
				EDE9A5311B7D7EE500B11E20 /* Frameworks */,
				EDED80B91B7AC9B700D0ECAA /* pos_visaTests */,
				EDED809E1B7AC9B700D0ECAA /* Products */,
			);
			sourceTree = "<group>";
		};
		EDED809E1B7AC9B700D0ECAA /* Products */ = {
			isa = PBXGroup;
			children = (
				EDED809D1B7AC9B700D0ECAA /* pos_visa.app */,
				EDED80B61B7AC9B700D0ECAA /* pos_visaTests.xctest */,
			);
			name = Products;
			sourceTree = "<group>";
		};
		EDED809F1B7AC9B700D0ECAA /* pos_visa */ = {
			isa = PBXGroup;
			children = (
				EDED80A41B7AC9B700D0ECAA /* AppDelegate.h */,
				EDED80A51B7AC9B700D0ECAA /* AppDelegate.m */,
				EDEAB5E21B7C05D300DAA650 /* RootNavigationController.h */,
				EDEAB5E31B7C05D300DAA650 /* RootNavigationController.m */,
				EDED80C61B7ACEEA00D0ECAA /* GetStartedViewController.h */,
				EDED80C71B7ACEEA00D0ECAA /* GetStartedViewController.m */,
				EDEAB5E51B7C062700DAA650 /* ApplyForLoanViewController.h */,
				EDEAB5E61B7C062700DAA650 /* ApplyForLoanViewController.m */,
				EDE9A4FF1B7C2B0A00B11E20 /* PersonalInfoViewController.h */,
				EDE9A5001B7C2B0A00B11E20 /* PersonalInfoViewController.m */,
				EDE9A5061B7D592900B11E20 /* PersonalInfoTop_TableViewCell.h */,
				EDE9A5071B7D592900B11E20 /* PersonalInfoTop_TableViewCell.m */,
				EDE9A5091B7D593E00B11E20 /* PersonalInfoFooter_TableViewCell.h */,
				EDE9A50A1B7D593E00B11E20 /* PersonalInfoFooter_TableViewCell.m */,
				EDE9A5101B7D7BEA00B11E20 /* ScanDriversLicenseViewController.h */,
				EDE9A5111B7D7BEA00B11E20 /* ScanDriversLicenseViewController.m */,
				ED9F97CC1B7E5D8C00B633AD /* EditPersonalInfoViewController.h */,
				ED9F97CD1B7E5D8C00B633AD /* EditPersonalInfoViewController.m */,
				EDE9A5401B7D87B800B11E20 /* EditPersonalInfoTableViewCell.h */,
				EDE9A5411B7D87B800B11E20 /* EditPersonalInfoTableViewCell.m */,
				ED9F97D31B7E8D0900B633AD /* FormTextCell.h */,
				ED9F97D41B7E8D0900B633AD /* FormTextCell.m */,
				ED9F97DC1B7E9B7600B633AD /* ButtonTableViewCell.h */,
				ED9F97DD1B7E9B7600B633AD /* ButtonTableViewCell.m */,
				ED9F97E11B7E9B8E00B633AD /* ImageTableViewCell.h */,
				ED9F97E21B7E9B8E00B633AD /* ImageTableViewCell.m */,
				ED9F97E91B7EA70B00B633AD /* PersonalData.h */,
				ED9F97EA1B7EA70B00B633AD /* PersonalData.m */,
				ED7753C11B7EB69200BFF966 /* SSNViewController.h */,
				ED7753C21B7EB69200BFF966 /* SSNViewController.m */,
				EDED80AF1B7AC9B700D0ECAA /* LaunchScreen.xib */,
				EDED80AA1B7AC9B700D0ECAA /* Main.storyboard */,
				ED9F97D11B7E761F00B633AD /* FormTextCell.xib */,
				ED9F97DE1B7E9B7600B633AD /* ButtonTableViewCell.xib */,
				ED9F97E31B7E9B8E00B633AD /* ImageTableViewCell.xib */,
				EDED80AD1B7AC9B700D0ECAA /* Images.xcassets */,
				ED7753C81B7EB9CB00BFF966 /* threeBarsHeader.png */,
				ED7753C91B7EB9CB00BFF966 /* twoBarsHeader.png */,
				EDE9A53E1B7D86C900B11E20 /* v2-C2_TitleOnly.png */,
				EDE9A5041B7D489700B11E20 /* v2-b1_nocredit_msg.png */,
				EDEAB5B41B7BCAAB00DAA650 /* v2_A00.png */,
				EDEAB5B51B7BCAAB00DAA650 /* v2_K1_footer.png */,
				EDEAB5B61B7BCAAB00DAA650 /* v2-A1.png */,
				EDEAB5B71B7BCAAB00DAA650 /* v2-A2.png */,
				EDEAB5B81B7BCAAB00DAA650 /* v2-B1.png */,
				EDEAB5B91B7BCAAB00DAA650 /* v2-B2.png */,
				EDEAB5BA1B7BCAAB00DAA650 /* v2-C1.png */,
				EDEAB5BB1B7BCAAB00DAA650 /* v2-C2.png */,
				EDE9A50E1B7D715300B11E20 /* v2-C2_top.png */,
				EDEAB5BC1B7BCAAB00DAA650 /* v2-C3.png */,
				EDEAB5BD1B7BCAAB00DAA650 /* v2-D1.png */,
				EDEAB5BE1B7BCAAB00DAA650 /* v2-E1.png */,
				EDEAB5BF1B7BCAAB00DAA650 /* v2-F1.png */,
				EDEAB5C01B7BCAAB00DAA650 /* v2-G1.png */,
				EDEAB5C11B7BCAAB00DAA650 /* v2-G2.png */,
				EDEAB5C21B7BCAAB00DAA650 /* v2-H1.png */,
				EDEAB5C31B7BCAAB00DAA650 /* v2-H2.png */,
				EDEAB5C41B7BCAAB00DAA650 /* v2-I1.png */,
				EDEAB5C51B7BCAAB00DAA650 /* v2-I2.png */,
				EDEAB5C61B7BCAAB00DAA650 /* v2-J1.png */,
				EDED80A01B7AC9B700D0ECAA /* Supporting Files */,
				ED7753CC1B7EBD3300BFF966 /* Constants.h */,
				ED7753CD1B7EBD6500BFF966 /* Constants.m */,
			);
			path = pos_visa;
			sourceTree = "<group>";
		};
		EDED80A01B7AC9B700D0ECAA /* Supporting Files */ = {
			isa = PBXGroup;
			children = (
				EDED80A11B7AC9B700D0ECAA /* Info.plist */,
				EDED80A21B7AC9B700D0ECAA /* main.m */,
			);
			name = "Supporting Files";
			sourceTree = "<group>";
		};
		EDED80B91B7AC9B700D0ECAA /* pos_visaTests */ = {
			isa = PBXGroup;
			children = (
				EDED80BC1B7AC9B700D0ECAA /* pos_visaTests.m */,
				EDED80BA1B7AC9B700D0ECAA /* Supporting Files */,
			);
			path = pos_visaTests;
			sourceTree = "<group>";
		};
		EDED80BA1B7AC9B700D0ECAA /* Supporting Files */ = {
			isa = PBXGroup;
			children = (
				EDED80BB1B7AC9B700D0ECAA /* Info.plist */,
			);
			name = "Supporting Files";
			sourceTree = "<group>";
		};
/* End PBXGroup section */

/* Begin PBXNativeTarget section */
		EDED809C1B7AC9B700D0ECAA /* pos_visa */ = {
			isa = PBXNativeTarget;
			buildConfigurationList = EDED80C01B7AC9B700D0ECAA /* Build configuration list for PBXNativeTarget "pos_visa" */;
			buildPhases = (
				EDED80991B7AC9B700D0ECAA /* Sources */,
				EDED809A1B7AC9B700D0ECAA /* Frameworks */,
				EDED809B1B7AC9B700D0ECAA /* Resources */,
			);
			buildRules = (
			);
			dependencies = (
			);
			name = pos_visa;
			productName = pos_visa;
			productReference = EDED809D1B7AC9B700D0ECAA /* pos_visa.app */;
			productType = "com.apple.product-type.application";
		};
		EDED80B51B7AC9B700D0ECAA /* pos_visaTests */ = {
			isa = PBXNativeTarget;
			buildConfigurationList = EDED80C31B7AC9B700D0ECAA /* Build configuration list for PBXNativeTarget "pos_visaTests" */;
			buildPhases = (
				EDED80B21B7AC9B700D0ECAA /* Sources */,
				EDED80B31B7AC9B700D0ECAA /* Frameworks */,
				EDED80B41B7AC9B700D0ECAA /* Resources */,
			);
			buildRules = (
			);
			dependencies = (
				EDED80B81B7AC9B700D0ECAA /* PBXTargetDependency */,
			);
			name = pos_visaTests;
			productName = pos_visaTests;
			productReference = EDED80B61B7AC9B700D0ECAA /* pos_visaTests.xctest */;
			productType = "com.apple.product-type.bundle.unit-test";
		};
/* End PBXNativeTarget section */

/* Begin PBXProject section */
		EDED80951B7AC9B700D0ECAA /* Project object */ = {
			isa = PBXProject;
			attributes = {
				LastUpgradeCheck = 0640;
				ORGANIZATIONNAME = "Prosper Marketplace, Inc.";
				TargetAttributes = {
					EDED809C1B7AC9B700D0ECAA = {
						CreatedOnToolsVersion = 6.4;
					};
					EDED80B51B7AC9B700D0ECAA = {
						CreatedOnToolsVersion = 6.4;
						TestTargetID = EDED809C1B7AC9B700D0ECAA;
					};
				};
			};
			buildConfigurationList = EDED80981B7AC9B700D0ECAA /* Build configuration list for PBXProject "pos_visa" */;
			compatibilityVersion = "Xcode 3.2";
			developmentRegion = English;
			hasScannedForEncodings = 0;
			knownRegions = (
				en,
				Base,
			);
			mainGroup = EDED80941B7AC9B700D0ECAA;
			productRefGroup = EDED809E1B7AC9B700D0ECAA /* Products */;
			projectDirPath = "";
			projectRoot = "";
			targets = (
				EDED809C1B7AC9B700D0ECAA /* pos_visa */,
				EDED80B51B7AC9B700D0ECAA /* pos_visaTests */,
			);
		};
/* End PBXProject section */

/* Begin PBXResourcesBuildPhase section */
		EDED809B1B7AC9B700D0ECAA /* Resources */ = {
			isa = PBXResourcesBuildPhase;
			buildActionMask = 2147483647;
			files = (
				EDEAB5D01B7BCAAB00DAA650 /* v2-D1.png in Resources */,
				ED7753CA1B7EB9CB00BFF966 /* threeBarsHeader.png in Resources */,
				ED9F97E01B7E9B7600B633AD /* ButtonTableViewCell.xib in Resources */,
				EDED80AC1B7AC9B700D0ECAA /* Main.storyboard in Resources */,
				EDEAB5D51B7BCAAB00DAA650 /* v2-H1.png in Resources */,
				EDEAB5D71B7BCAAB00DAA650 /* v2-I1.png in Resources */,
				EDE9A50F1B7D715300B11E20 /* v2-C2_top.png in Resources */,
				EDEAB5C71B7BCAAB00DAA650 /* v2_A00.png in Resources */,
				EDEAB5CE1B7BCAAB00DAA650 /* v2-C2.png in Resources */,
				EDEAB5CC1B7BCAAB00DAA650 /* v2-B2.png in Resources */,
				EDEAB5CD1B7BCAAB00DAA650 /* v2-C1.png in Resources */,
				EDEAB5CA1B7BCAAB00DAA650 /* v2-A2.png in Resources */,
				EDED80B11B7AC9B700D0ECAA /* LaunchScreen.xib in Resources */,
				EDEAB5D21B7BCAAB00DAA650 /* v2-F1.png in Resources */,
				EDEAB5D41B7BCAAB00DAA650 /* v2-G2.png in Resources */,
				ED7753CB1B7EB9CB00BFF966 /* twoBarsHeader.png in Resources */,
				EDEAB5D31B7BCAAB00DAA650 /* v2-G1.png in Resources */,
				ED9F97E51B7E9B8E00B633AD /* ImageTableViewCell.xib in Resources */,
				EDE9A5351B7D81A800B11E20 /* Localizable-Netverify.strings in Resources */,
				EDEAB5CB1B7BCAAB00DAA650 /* v2-B1.png in Resources */,
				EDEAB5D11B7BCAAB00DAA650 /* v2-E1.png in Resources */,
				EDEAB5D61B7BCAAB00DAA650 /* v2-H2.png in Resources */,
				EDE9A5361B7D81A800B11E20 /* NetverifyResources.bundle in Resources */,
				EDE9A53F1B7D86C900B11E20 /* v2-C2_TitleOnly.png in Resources */,
				EDEAB5D91B7BCAAB00DAA650 /* v2-J1.png in Resources */,
				EDED80AE1B7AC9B700D0ECAA /* Images.xcassets in Resources */,
				EDEAB5D81B7BCAAB00DAA650 /* v2-I2.png in Resources */,
				EDE9A5051B7D489700B11E20 /* v2-b1_nocredit_msg.png in Resources */,
				EDEAB5C81B7BCAAB00DAA650 /* v2_K1_footer.png in Resources */,
				EDEAB5C91B7BCAAB00DAA650 /* v2-A1.png in Resources */,
				EDEAB5CF1B7BCAAB00DAA650 /* v2-C3.png in Resources */,
				ED9F97D21B7E761F00B633AD /* FormTextCell.xib in Resources */,
			);
			runOnlyForDeploymentPostprocessing = 0;
		};
		EDED80B41B7AC9B700D0ECAA /* Resources */ = {
			isa = PBXResourcesBuildPhase;
			buildActionMask = 2147483647;
			files = (
			);
			runOnlyForDeploymentPostprocessing = 0;
		};
/* End PBXResourcesBuildPhase section */

/* Begin PBXSourcesBuildPhase section */
		EDED80991B7AC9B700D0ECAA /* Sources */ = {
			isa = PBXSourcesBuildPhase;
			buildActionMask = 2147483647;
			files = (
				ED9F97DF1B7E9B7600B633AD /* ButtonTableViewCell.m in Sources */,
				ED7753C41B7EB69200BFF966 /* SSNViewController.m in Sources */,
				ED9F97E41B7E9B8E00B633AD /* ImageTableViewCell.m in Sources */,
				EDE9A5081B7D592900B11E20 /* PersonalInfoTop_TableViewCell.m in Sources */,
				EDE9A5011B7C2B0A00B11E20 /* PersonalInfoViewController.m in Sources */,
				ED9F97CE1B7E5D8C00B633AD /* EditPersonalInfoViewController.m in Sources */,
				EDED80A61B7AC9B700D0ECAA /* AppDelegate.m in Sources */,
				EDEAB5E71B7C062700DAA650 /* ApplyForLoanViewController.m in Sources */,
				ED7753CE1B7EBD6500BFF966 /* Constants.m in Sources */,
				EDE9A5421B7D87B800B11E20 /* EditPersonalInfoTableViewCell.m in Sources */,
				ED9F97EB1B7EA70B00B633AD /* PersonalData.m in Sources */,
				EDEAB5E41B7C05D300DAA650 /* RootNavigationController.m in Sources */,
				EDED80A31B7AC9B700D0ECAA /* main.m in Sources */,
				EDE9A50B1B7D593E00B11E20 /* PersonalInfoFooter_TableViewCell.m in Sources */,
				EDE9A5121B7D7BEA00B11E20 /* ScanDriversLicenseViewController.m in Sources */,
				ED9F97D51B7E8D0900B633AD /* FormTextCell.m in Sources */,
				EDED80C81B7ACEEA00D0ECAA /* GetStartedViewController.m in Sources */,
			);
			runOnlyForDeploymentPostprocessing = 0;
		};
		EDED80B21B7AC9B700D0ECAA /* Sources */ = {
			isa = PBXSourcesBuildPhase;
			buildActionMask = 2147483647;
			files = (
				EDED80BD1B7AC9B700D0ECAA /* pos_visaTests.m in Sources */,
			);
			runOnlyForDeploymentPostprocessing = 0;
		};
/* End PBXSourcesBuildPhase section */

/* Begin PBXTargetDependency section */
		EDED80B81B7AC9B700D0ECAA /* PBXTargetDependency */ = {
			isa = PBXTargetDependency;
			target = EDED809C1B7AC9B700D0ECAA /* pos_visa */;
			targetProxy = EDED80B71B7AC9B700D0ECAA /* PBXContainerItemProxy */;
		};
/* End PBXTargetDependency section */

/* Begin PBXVariantGroup section */
		EDED80AA1B7AC9B700D0ECAA /* Main.storyboard */ = {
			isa = PBXVariantGroup;
			children = (
				EDED80AB1B7AC9B700D0ECAA /* Base */,
			);
			name = Main.storyboard;
			sourceTree = "<group>";
		};
		EDED80AF1B7AC9B700D0ECAA /* LaunchScreen.xib */ = {
			isa = PBXVariantGroup;
			children = (
				EDED80B01B7AC9B700D0ECAA /* Base */,
			);
			name = LaunchScreen.xib;
			sourceTree = "<group>";
		};
/* End PBXVariantGroup section */

/* Begin XCBuildConfiguration section */
		EDED80BE1B7AC9B700D0ECAA /* Debug */ = {
			isa = XCBuildConfiguration;
			buildSettings = {
				ALWAYS_SEARCH_USER_PATHS = NO;
				CLANG_CXX_LANGUAGE_STANDARD = "gnu++0x";
				CLANG_CXX_LIBRARY = "libc++";
				CLANG_ENABLE_MODULES = YES;
				CLANG_ENABLE_OBJC_ARC = YES;
				CLANG_WARN_BOOL_CONVERSION = YES;
				CLANG_WARN_CONSTANT_CONVERSION = YES;
				CLANG_WARN_DIRECT_OBJC_ISA_USAGE = YES_ERROR;
				CLANG_WARN_EMPTY_BODY = YES;
				CLANG_WARN_ENUM_CONVERSION = YES;
				CLANG_WARN_INT_CONVERSION = YES;
				CLANG_WARN_OBJC_ROOT_CLASS = YES_ERROR;
				CLANG_WARN_UNREACHABLE_CODE = YES;
				CLANG_WARN__DUPLICATE_METHOD_MATCH = YES;
				"CODE_SIGN_IDENTITY[sdk=iphoneos*]" = "iPhone Developer";
				COPY_PHASE_STRIP = NO;
				DEBUG_INFORMATION_FORMAT = "dwarf-with-dsym";
				ENABLE_STRICT_OBJC_MSGSEND = YES;
				GCC_C_LANGUAGE_STANDARD = gnu99;
				GCC_DYNAMIC_NO_PIC = NO;
				GCC_NO_COMMON_BLOCKS = YES;
				GCC_OPTIMIZATION_LEVEL = 0;
				GCC_PREPROCESSOR_DEFINITIONS = (
					"DEBUG=1",
					"$(inherited)",
				);
				GCC_SYMBOLS_PRIVATE_EXTERN = NO;
				GCC_WARN_64_TO_32_BIT_CONVERSION = YES;
				GCC_WARN_ABOUT_RETURN_TYPE = YES_ERROR;
				GCC_WARN_UNDECLARED_SELECTOR = YES;
				GCC_WARN_UNINITIALIZED_AUTOS = YES_AGGRESSIVE;
				GCC_WARN_UNUSED_FUNCTION = YES;
				GCC_WARN_UNUSED_VARIABLE = YES;
				IPHONEOS_DEPLOYMENT_TARGET = 8.4;
				MTL_ENABLE_DEBUG_INFO = YES;
				ONLY_ACTIVE_ARCH = YES;
				SDKROOT = iphoneos;
			};
			name = Debug;
		};
		EDED80BF1B7AC9B700D0ECAA /* Release */ = {
			isa = XCBuildConfiguration;
			buildSettings = {
				ALWAYS_SEARCH_USER_PATHS = NO;
				CLANG_CXX_LANGUAGE_STANDARD = "gnu++0x";
				CLANG_CXX_LIBRARY = "libc++";
				CLANG_ENABLE_MODULES = YES;
				CLANG_ENABLE_OBJC_ARC = YES;
				CLANG_WARN_BOOL_CONVERSION = YES;
				CLANG_WARN_CONSTANT_CONVERSION = YES;
				CLANG_WARN_DIRECT_OBJC_ISA_USAGE = YES_ERROR;
				CLANG_WARN_EMPTY_BODY = YES;
				CLANG_WARN_ENUM_CONVERSION = YES;
				CLANG_WARN_INT_CONVERSION = YES;
				CLANG_WARN_OBJC_ROOT_CLASS = YES_ERROR;
				CLANG_WARN_UNREACHABLE_CODE = YES;
				CLANG_WARN__DUPLICATE_METHOD_MATCH = YES;
				"CODE_SIGN_IDENTITY[sdk=iphoneos*]" = "iPhone Developer";
				COPY_PHASE_STRIP = NO;
				DEBUG_INFORMATION_FORMAT = "dwarf-with-dsym";
				ENABLE_NS_ASSERTIONS = NO;
				ENABLE_STRICT_OBJC_MSGSEND = YES;
				GCC_C_LANGUAGE_STANDARD = gnu99;
				GCC_NO_COMMON_BLOCKS = YES;
				GCC_WARN_64_TO_32_BIT_CONVERSION = YES;
				GCC_WARN_ABOUT_RETURN_TYPE = YES_ERROR;
				GCC_WARN_UNDECLARED_SELECTOR = YES;
				GCC_WARN_UNINITIALIZED_AUTOS = YES_AGGRESSIVE;
				GCC_WARN_UNUSED_FUNCTION = YES;
				GCC_WARN_UNUSED_VARIABLE = YES;
				IPHONEOS_DEPLOYMENT_TARGET = 8.4;
				MTL_ENABLE_DEBUG_INFO = NO;
				SDKROOT = iphoneos;
				VALIDATE_PRODUCT = YES;
			};
			name = Release;
		};
		EDED80C11B7AC9B700D0ECAA /* Debug */ = {
			isa = XCBuildConfiguration;
			buildSettings = {
				ASSETCATALOG_COMPILER_APPICON_NAME = AppIcon;
				FRAMEWORK_SEARCH_PATHS = (
					"$(inherited)",
					/Users/tlakin/Development/pos/JumioMobileSDK,
				);
				INFOPLIST_FILE = pos_visa/Info.plist;
				LD_RUNPATH_SEARCH_PATHS = "$(inherited) @executable_path/Frameworks";
				OTHER_LDFLAGS = (
					"-lc++",
					"-ObjC",
				);
				PRODUCT_NAME = "$(TARGET_NAME)";
			};
			name = Debug;
		};
		EDED80C21B7AC9B700D0ECAA /* Release */ = {
			isa = XCBuildConfiguration;
			buildSettings = {
				ASSETCATALOG_COMPILER_APPICON_NAME = AppIcon;
				FRAMEWORK_SEARCH_PATHS = (
					"$(inherited)",
					/Users/tlakin/Development/pos/JumioMobileSDK,
				);
				INFOPLIST_FILE = pos_visa/Info.plist;
				LD_RUNPATH_SEARCH_PATHS = "$(inherited) @executable_path/Frameworks";
				OTHER_LDFLAGS = (
					"-lc++",
					"-ObjC",
				);
				PRODUCT_NAME = "$(TARGET_NAME)";
			};
			name = Release;
		};
		EDED80C41B7AC9B700D0ECAA /* Debug */ = {
			isa = XCBuildConfiguration;
			buildSettings = {
				BUNDLE_LOADER = "$(TEST_HOST)";
				FRAMEWORK_SEARCH_PATHS = (
					"$(SDKROOT)/Developer/Library/Frameworks",
					"$(inherited)",
				);
				GCC_PREPROCESSOR_DEFINITIONS = (
					"DEBUG=1",
					"$(inherited)",
				);
				INFOPLIST_FILE = pos_visaTests/Info.plist;
				LD_RUNPATH_SEARCH_PATHS = "$(inherited) @executable_path/Frameworks @loader_path/Frameworks";
				PRODUCT_NAME = "$(TARGET_NAME)";
				TEST_HOST = "$(BUILT_PRODUCTS_DIR)/pos_visa.app/pos_visa";
			};
			name = Debug;
		};
		EDED80C51B7AC9B700D0ECAA /* Release */ = {
			isa = XCBuildConfiguration;
			buildSettings = {
				BUNDLE_LOADER = "$(TEST_HOST)";
				FRAMEWORK_SEARCH_PATHS = (
					"$(SDKROOT)/Developer/Library/Frameworks",
					"$(inherited)",
				);
				INFOPLIST_FILE = pos_visaTests/Info.plist;
				LD_RUNPATH_SEARCH_PATHS = "$(inherited) @executable_path/Frameworks @loader_path/Frameworks";
				PRODUCT_NAME = "$(TARGET_NAME)";
				TEST_HOST = "$(BUILT_PRODUCTS_DIR)/pos_visa.app/pos_visa";
			};
			name = Release;
		};
/* End XCBuildConfiguration section */

/* Begin XCConfigurationList section */
		EDED80981B7AC9B700D0ECAA /* Build configuration list for PBXProject "pos_visa" */ = {
			isa = XCConfigurationList;
			buildConfigurations = (
				EDED80BE1B7AC9B700D0ECAA /* Debug */,
				EDED80BF1B7AC9B700D0ECAA /* Release */,
			);
			defaultConfigurationIsVisible = 0;
			defaultConfigurationName = Release;
		};
		EDED80C01B7AC9B700D0ECAA /* Build configuration list for PBXNativeTarget "pos_visa" */ = {
			isa = XCConfigurationList;
			buildConfigurations = (
				EDED80C11B7AC9B700D0ECAA /* Debug */,
				EDED80C21B7AC9B700D0ECAA /* Release */,
			);
			defaultConfigurationIsVisible = 0;
			defaultConfigurationName = Release;
		};
		EDED80C31B7AC9B700D0ECAA /* Build configuration list for PBXNativeTarget "pos_visaTests" */ = {
			isa = XCConfigurationList;
			buildConfigurations = (
				EDED80C41B7AC9B700D0ECAA /* Debug */,
				EDED80C51B7AC9B700D0ECAA /* Release */,
			);
			defaultConfigurationIsVisible = 0;
			defaultConfigurationName = Release;
		};
/* End XCConfigurationList section */
	};
	rootObject = EDED80951B7AC9B700D0ECAA /* Project object */;
}
